
Microsoft Visual Studio Solution File, Format Version 12.00
# Visual Studio 15
VisualStudioVersion = 15.0.27428.2002
MinimumVisualStudioVersion = 10.0.40219.1
Project("{E24C65DC-7377-472B-9ABA-BC803B73C61A}") = "ABCcompany", "ABCcompany\", "{8CDDDD45-0CD7-47F4-B687-0F9066660665}"
	ProjectSection(WebsiteProperties) = preProject
		TargetFrameworkMoniker = ".NETFramework,Version%3Dv4.5"
		Debug.AspNetCompiler.VirtualPath = "/localhost_49438"
		Debug.AspNetCompiler.PhysicalPath = "ABCcompany\"
		Debug.AspNetCompiler.TargetPath = "PrecompiledWeb\localhost_49438\"
		Debug.AspNetCompiler.Updateable = "true"
		Debug.AspNetCompiler.ForceOverwrite = "true"
		Debug.AspNetCompiler.FixedNames = "false"
		Debug.AspNetCompiler.Debug = "True"
		Release.AspNetCompiler.VirtualPath = "/localhost_49438"
		Release.AspNetCompiler.PhysicalPath = "ABCcompany\"
		Release.AspNetCompiler.TargetPath = "PrecompiledWeb\localhost_49438\"
		Release.AspNetCompiler.Updateable = "true"
		Release.AspNetCompiler.ForceOverwrite = "true"
		Release.AspNetCompiler.FixedNames = "false"
		Release.AspNetCompiler.Debug = "False"
		VWDPort = "49438"
		SlnRelativePath = "ABCcompany\"
		DefaultWebSiteLanguage = "Visual C#"
	EndProjectSection
EndProject
Global
	GlobalSection(SolutionConfigurationPlatforms) = preSolution
		Debug|Any CPU = Debug|Any CPU
	EndGlobalSection
	GlobalSection(ProjectConfigurationPlatforms) = postSolution
		{8CDDDD45-0CD7-47F4-B687-0F9066660665}.Debug|Any CPU.ActiveCfg = Debug|Any CPU
		{8CDDDD45-0CD7-47F4-B687-0F9066660665}.Debug|Any CPU.Build.0 = Debug|Any CPU
	EndGlobalSection
	GlobalSection(SolutionProperties) = preSolution
		HideSolutionNode = FALSE
	EndGlobalSection
	GlobalSection(ExtensibilityGlobals) = postSolution
		SolutionGuid = {74B1A195-E7A4-45D1-81D7-3191C1CDE0C3}
	EndGlobalSection
EndGlobal
